# This file is automatically @generated by Cargo.
# It is not intended for manual editing.
version = 4

[[package]]
name = "loop-engine-cli"
version = "0.1.0"
dependencies = [
 "loop-engine-core",
]

[[package]]
name = "loop-engine-core"
version = "0.1.0"
dependencies = [
 "loop-engine-integrations",
]

[[package]]
name = "loop-engine-integrations"
version = "0.1.0"
